{
  "nodes": {
    "nixpkgs": {
      "locked": {
        "lastModified": 1662488521,
        "narHash": "sha256-+Lg/WMWyvpgsk0eSq0/0I1jkZ70oOCc2W3LMYk6pHTU=",
        "owner": "NixOS",
        "repo": "nixpkgs",
        "rev": "ab265225e8c1abb533f9d650c3f68a090001ebd0",
        "type": "github"
      },
      "original": {
        "owner": "NixOS",
        "repo": "nixpkgs",
        "type": "github"
      }
    },
    "root": {
      "inputs": {
        "nixpkgs": "nixpkgs"
      }
    }
  },
  "root": "root",
  "version": 7
}
